{"format_version":"1.2","terraform_version":"1.5.4","variables":{"aws_access_key":{"value":"AKIA5IWBV6OKUVAOVAJ4"},"aws_secret_key":{"value":"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"},"key_name":{"value":"yuk"}},"planned_values":{"outputs":{"instance_availability_zone":{"sensitive":false},"instance_id":{"sensitive":false},"instance_private_ip":{"sensitive":false},"instance_public_ip":{"sensitive":false},"instance_security_group_ids":{"sensitive":false},"private_key_pem":{"sensitive":true},"public_key_openssh":{"sensitive":false}},"root_module":{"resources":[{"address":"aws_instance.aws_debian_12","mode":"managed","type":"aws_instance","name":"aws_debian_12","provider_name":"registry.terraform.io/hashicorp/aws","schema_version":1,"values":{"ami":"ami-0f014d1f920a73971","credit_specification":[],"get_password_data":false,"hibernation":null,"instance_type":"t2.micro","key_name":"yuk","launch_template":[],"source_dest_check":true,"tags":{"Environment":"Test","Name":"Debi"},"tags_all":{"Environment":"Test","Name":"Debi"},"timeouts":null,"user_data_replace_on_change":false,"volume_tags":null},"sensitive_values":{"capacity_reservation_specification":[],"cpu_options":[],"credit_specification":[],"ebs_block_device":[],"enclave_options":[],"ephemeral_block_device":[],"instance_market_options":[],"ipv6_addresses":[],"launch_template":[],"maintenance_options":[],"metadata_options":[],"network_interface":[],"private_dns_name_options":[],"root_block_device":[],"secondary_private_ips":[],"security_groups":[],"tags":{},"tags_all":{},"vpc_security_group_ids":[]}},{"address":"aws_key_pair.key_pair","mode":"managed","type":"aws_key_pair","name":"key_pair","provider_name":"registry.terraform.io/hashicorp/aws","schema_version":1,"values":{"key_name":"yuk","tags":null},"sensitive_values":{"tags_all":{}}},{"address":"aws_security_group.example","mode":"managed","type":"aws_security_group","name":"example","provider_name":"registry.terraform.io/hashicorp/aws","schema_version":1,"values":{"arn":"arn:aws:ec2:eu-west-3:912012997525:security-group/sg-05064ef294091dec8","description":"Managed by Terraform","egress":[{"cidr_blocks":["0.0.0.0/0"],"description":"","from_port":0,"ipv6_cidr_blocks":[],"prefix_list_ids":[],"protocol":"-1","security_groups":[],"self":false,"to_port":0}],"id":"sg-05064ef294091dec8","ingress":[{"cidr_blocks":["0.0.0.0/0"],"description":"","from_port":22,"ipv6_cidr_blocks":[],"prefix_list_ids":[],"protocol":"tcp","security_groups":[],"self":false,"to_port":22}],"name":"example-20230809121545224300000001","name_prefix":"example-","owner_id":"912012997525","revoke_rules_on_delete":false,"tags":{},"tags_all":{},"timeouts":null,"vpc_id":"vpc-029b27c6959690579"},"sensitive_values":{"egress":[{"cidr_blocks":[false],"ipv6_cidr_blocks":[],"prefix_list_ids":[],"security_groups":[]}],"ingress":[{"cidr_blocks":[false],"ipv6_cidr_blocks":[],"prefix_list_ids":[],"security_groups":[]}],"tags":{},"tags_all":{}}},{"address":"local_file.private_key","mode":"managed","type":"local_file","name":"private_key","provider_name":"registry.terraform.io/hashicorp/local","schema_version":0,"values":{"content_base64":null,"directory_permission":"0777","file_permission":"0777","filename":"yuk","sensitive_content":null,"source":null},"sensitive_values":{"content":true}},{"address":"tls_private_key.rsa_4096","mode":"managed","type":"tls_private_key","name":"rsa_4096","provider_name":"registry.terraform.io/hashicorp/tls","schema_version":1,"values":{"algorithm":"RSA","ecdsa_curve":"P224","rsa_bits":4096},"sensitive_values":{}}]}},"resource_drift":[{"address":"aws_key_pair.deployer","mode":"managed","type":"aws_key_pair","name":"deployer","provider_name":"registry.terraform.io/hashicorp/aws","change":{"actions":["update"],"before":{"arn":"arn:aws:ec2:eu-west-3:912012997525:key-pair/aws-key","fingerprint":"a4:2f:a6:7d:8a:d9:62:fe:49:58:20:65:b7:f8:57:37","id":"aws-key","key_name":"aws-key","key_name_prefix":"","key_pair_id":"key-03bf132068c857b7d","key_type":"rsa","public_key":"ssh-rsa AAAAB3NzaC1yc2EAAAADAQABAAACAQC+UW+J0DQjoCxDoWSBcGPBxAzbyEgxORwY2e7I4/rdO7VSipLC+hpzfp8VpqCYmYx1yKwd7DQaLuqrJY3bHlWZ1Wg8bXUfbY1iTHjx1HrPZJDDChugXuFce3/rmEWynTXVgEBzIaZqbbBSpukEcw04tVAMO8l7I+UTzfr1LO1ip61VlmucE8ecF67UlfyIJtLTUDZOq4r6OCz20sbf4Duv87FViyKxDnyy9o9Ge4iJp9En+7qG2hALJ1u/l1/KIparrPGGNxgzl77RvA/zgg9EjFPofue+MM+/HsSqwS5l8K0I47J5wWBwqdKNNnTVCaXAhvexXBnRNA2+AwhXCZwBySqMb3IBbB0EdEkuW2T8gHxlrASi062+KZp0NDfR331cMN7UaJyz8KrnyeYPCMb0P8GTEihswnT9POL1DBa9QKkbvK/QoRGTQZ71uzc7ph5LOb/EupkhIemTWoK2VPRbJGU97nhMRG/HHjNwsfcx0l+tVYu1/l5BuQbz20hxN7pBlY1fKayJXFGyhevKGBux3hypNxfRyjni/zGvV5/9FBq2lG+7V7nmQtKu3QGLpyYkqZF/qtZonL4ZL84lca1rImcF9mca8iwg/XSTU8JBw0O+U7WTHyTluZC6xGwlY7JtBfqP/hHmanhjy/+qpLXihd7n15HXDBfD7FgqHwsnTw== Debitest","tags":null,"tags_all":{}},"after":{"arn":"arn:aws:ec2:eu-west-3:912012997525:key-pair/aws-key","fingerprint":"a4:2f:a6:7d:8a:d9:62:fe:49:58:20:65:b7:f8:57:37","id":"aws-key","key_name":"aws-key","key_name_prefix":"","key_pair_id":"key-03bf132068c857b7d","key_type":"rsa","public_key":"ssh-rsa AAAAB3NzaC1yc2EAAAADAQABAAACAQC+UW+J0DQjoCxDoWSBcGPBxAzbyEgxORwY2e7I4/rdO7VSipLC+hpzfp8VpqCYmYx1yKwd7DQaLuqrJY3bHlWZ1Wg8bXUfbY1iTHjx1HrPZJDDChugXuFce3/rmEWynTXVgEBzIaZqbbBSpukEcw04tVAMO8l7I+UTzfr1LO1ip61VlmucE8ecF67UlfyIJtLTUDZOq4r6OCz20sbf4Duv87FViyKxDnyy9o9Ge4iJp9En+7qG2hALJ1u/l1/KIparrPGGNxgzl77RvA/zgg9EjFPofue+MM+/HsSqwS5l8K0I47J5wWBwqdKNNnTVCaXAhvexXBnRNA2+AwhXCZwBySqMb3IBbB0EdEkuW2T8gHxlrASi062+KZp0NDfR331cMN7UaJyz8KrnyeYPCMb0P8GTEihswnT9POL1DBa9QKkbvK/QoRGTQZ71uzc7ph5LOb/EupkhIemTWoK2VPRbJGU97nhMRG/HHjNwsfcx0l+tVYu1/l5BuQbz20hxN7pBlY1fKayJXFGyhevKGBux3hypNxfRyjni/zGvV5/9FBq2lG+7V7nmQtKu3QGLpyYkqZF/qtZonL4ZL84lca1rImcF9mca8iwg/XSTU8JBw0O+U7WTHyTluZC6xGwlY7JtBfqP/hHmanhjy/+qpLXihd7n15HXDBfD7FgqHwsnTw== Debitest","tags":{},"tags_all":{}},"after_unknown":{},"before_sensitive":{"tags_all":{}},"after_sensitive":{"tags":{},"tags_all":{}}}}],"resource_changes":[{"address":"aws_instance.aws_debian_12","mode":"managed","type":"aws_instance","name":"aws_debian_12","provider_name":"registry.terraform.io/hashicorp/aws","change":{"actions":["delete","create"],"before":{"ami":"ami-0f014d1f920a73971","arn":"arn:aws:ec2:eu-west-3:912012997525:instance/i-0eaba2c395f10fc52","associate_public_ip_address":true,"availability_zone":"eu-west-3c","capacity_reservation_specification":[{"capacity_reservation_preference":"open","capacity_reservation_target":[]}],"cpu_core_count":1,"cpu_options":[{"amd_sev_snp":"","core_count":1,"threads_per_core":1}],"cpu_threads_per_core":1,"credit_specification":[{"cpu_credits":"standard"}],"disable_api_stop":false,"disable_api_termination":false,"ebs_block_device":[],"ebs_optimized":false,"enclave_options":[{"enabled":false}],"ephemeral_block_device":[],"get_password_data":false,"hibernation":false,"host_id":"","host_resource_group_arn":null,"iam_instance_profile":"","id":"i-0eaba2c395f10fc52","instance_initiated_shutdown_behavior":"stop","instance_lifecycle":"","instance_market_options":[],"instance_state":"running","instance_type":"t2.micro","ipv6_address_count":0,"ipv6_addresses":[],"key_name":"aws-key","launch_template":[],"maintenance_options":[{"auto_recovery":"default"}],"metadata_options":[{"http_endpoint":"enabled","http_put_response_hop_limit":1,"http_tokens":"optional","instance_metadata_tags":"disabled"}],"monitoring":false,"network_interface":[],"outpost_arn":"","password_data":"","placement_group":"","placement_partition_number":0,"primary_network_interface_id":"eni-08d1412af3ab74ec1","private_dns":"ip-172-31-43-205.eu-west-3.compute.internal","private_dns_name_options":[{"enable_resource_name_dns_a_record":false,"enable_resource_name_dns_aaaa_record":false,"hostname_type":"ip-name"}],"private_ip":"172.31.43.205","public_dns":"ec2-15-188-54-31.eu-west-3.compute.amazonaws.com","public_ip":"15.188.54.31","root_block_device":[{"delete_on_termination":true,"device_name":"/dev/xvda","encrypted":false,"iops":3000,"kms_key_id":"","tags":{},"throughput":125,"volume_id":"vol-0f0404fa0f6a1d4c5","volume_size":8,"volume_type":"gp3"}],"secondary_private_ips":[],"security_groups":["default"],"source_dest_check":true,"spot_instance_request_id":"","subnet_id":"subnet-0b1e80070e0c06075","tags":{"Environment":"Test","Name":"Debi"},"tags_all":{"Environment":"Test","Name":"Debi"},"tenancy":"default","timeouts":null,"user_data":null,"user_data_base64":null,"user_data_replace_on_change":false,"volume_tags":null,"vpc_security_group_ids":["sg-0db55a7e6d22e1eca"]},"after":{"ami":"ami-0f014d1f920a73971","credit_specification":[],"get_password_data":false,"hibernation":null,"instance_type":"t2.micro","key_name":"yuk","launch_template":[],"source_dest_check":true,"tags":{"Environment":"Test","Name":"Debi"},"tags_all":{"Environment":"Test","Name":"Debi"},"timeouts":null,"user_data_replace_on_change":false,"volume_tags":null},"after_unknown":{"arn":true,"associate_public_ip_address":true,"availability_zone":true,"capacity_reservation_specification":true,"cpu_core_count":true,"cpu_options":true,"cpu_threads_per_core":true,"credit_specification":[],"disable_api_stop":true,"disable_api_termination":true,"ebs_block_device":true,"ebs_optimized":true,"enclave_options":true,"ephemeral_block_device":true,"host_id":true,"host_resource_group_arn":true,"iam_instance_profile":true,"id":true,"instance_initiated_shutdown_behavior":true,"instance_lifecycle":true,"instance_market_options":true,"instance_state":true,"ipv6_address_count":true,"ipv6_addresses":true,"launch_template":[],"maintenance_options":true,"metadata_options":true,"monitoring":true,"network_interface":true,"outpost_arn":true,"password_data":true,"placement_group":true,"placement_partition_number":true,"primary_network_interface_id":true,"private_dns":true,"private_dns_name_options":true,"private_ip":true,"public_dns":true,"public_ip":true,"root_block_device":true,"secondary_private_ips":true,"security_groups":true,"spot_instance_request_id":true,"subnet_id":true,"tags":{},"tags_all":{},"tenancy":true,"user_data":true,"user_data_base64":true,"vpc_security_group_ids":true},"before_sensitive":{"capacity_reservation_specification":[{"capacity_reservation_target":[]}],"cpu_options":[{}],"credit_specification":[{}],"ebs_block_device":[],"enclave_options":[{}],"ephemeral_block_device":[],"instance_market_options":[],"ipv6_addresses":[],"launch_template":[],"maintenance_options":[{}],"metadata_options":[{}],"network_interface":[],"private_dns_name_options":[{}],"root_block_device":[{"tags":{}}],"secondary_private_ips":[],"security_groups":[false],"tags":{},"tags_all":{},"vpc_security_group_ids":[false]},"after_sensitive":{"capacity_reservation_specification":[],"cpu_options":[],"credit_specification":[],"ebs_block_device":[],"enclave_options":[],"ephemeral_block_device":[],"instance_market_options":[],"ipv6_addresses":[],"launch_template":[],"maintenance_options":[],"metadata_options":[],"network_interface":[],"private_dns_name_options":[],"root_block_device":[],"secondary_private_ips":[],"security_groups":[],"tags":{},"tags_all":{},"vpc_security_group_ids":[]}},"action_reason":"replace_because_tainted"},{"address":"aws_key_pair.deployer","mode":"managed","type":"aws_key_pair","name":"deployer","provider_name":"registry.terraform.io/hashicorp/aws","change":{"actions":["delete"],"before":{"arn":"arn:aws:ec2:eu-west-3:912012997525:key-pair/aws-key","fingerprint":"a4:2f:a6:7d:8a:d9:62:fe:49:58:20:65:b7:f8:57:37","id":"aws-key","key_name":"aws-key","key_name_prefix":"","key_pair_id":"key-03bf132068c857b7d","key_type":"rsa","public_key":"ssh-rsa AAAAB3NzaC1yc2EAAAADAQABAAACAQC+UW+J0DQjoCxDoWSBcGPBxAzbyEgxORwY2e7I4/rdO7VSipLC+hpzfp8VpqCYmYx1yKwd7DQaLuqrJY3bHlWZ1Wg8bXUfbY1iTHjx1HrPZJDDChugXuFce3/rmEWynTXVgEBzIaZqbbBSpukEcw04tVAMO8l7I+UTzfr1LO1ip61VlmucE8ecF67UlfyIJtLTUDZOq4r6OCz20sbf4Duv87FViyKxDnyy9o9Ge4iJp9En+7qG2hALJ1u/l1/KIparrPGGNxgzl77RvA/zgg9EjFPofue+MM+/HsSqwS5l8K0I47J5wWBwqdKNNnTVCaXAhvexXBnRNA2+AwhXCZwBySqMb3IBbB0EdEkuW2T8gHxlrASi062+KZp0NDfR331cMN7UaJyz8KrnyeYPCMb0P8GTEihswnT9POL1DBa9QKkbvK/QoRGTQZ71uzc7ph5LOb/EupkhIemTWoK2VPRbJGU97nhMRG/HHjNwsfcx0l+tVYu1/l5BuQbz20hxN7pBlY1fKayJXFGyhevKGBux3hypNxfRyjni/zGvV5/9FBq2lG+7V7nmQtKu3QGLpyYkqZF/qtZonL4ZL84lca1rImcF9mca8iwg/XSTU8JBw0O+U7WTHyTluZC6xGwlY7JtBfqP/hHmanhjy/+qpLXihd7n15HXDBfD7FgqHwsnTw== Debitest","tags":{},"tags_all":{}},"after":null,"after_unknown":{},"before_sensitive":{"tags":{},"tags_all":{}},"after_sensitive":false},"action_reason":"delete_because_no_resource_config"},{"address":"aws_key_pair.key_pair","mode":"managed","type":"aws_key_pair","name":"key_pair","provider_name":"registry.terraform.io/hashicorp/aws","change":{"actions":["create"],"before":null,"after":{"key_name":"yuk","tags":null},"after_unknown":{"arn":true,"fingerprint":true,"id":true,"key_name_prefix":true,"key_pair_id":true,"key_type":true,"public_key":true,"tags_all":true},"before_sensitive":false,"after_sensitive":{"tags_all":{}}}},{"address":"aws_security_group.example","mode":"managed","type":"aws_security_group","name":"example","provider_name":"registry.terraform.io/hashicorp/aws","change":{"actions":["no-op"],"before":{"arn":"arn:aws:ec2:eu-west-3:912012997525:security-group/sg-05064ef294091dec8","description":"Managed by Terraform","egress":[{"cidr_blocks":["0.0.0.0/0"],"description":"","from_port":0,"ipv6_cidr_blocks":[],"prefix_list_ids":[],"protocol":"-1","security_groups":[],"self":false,"to_port":0}],"id":"sg-05064ef294091dec8","ingress":[{"cidr_blocks":["0.0.0.0/0"],"description":"","from_port":22,"ipv6_cidr_blocks":[],"prefix_list_ids":[],"protocol":"tcp","security_groups":[],"self":false,"to_port":22}],"name":"example-20230809121545224300000001","name_prefix":"example-","owner_id":"912012997525","revoke_rules_on_delete":false,"tags":{},"tags_all":{},"timeouts":null,"vpc_id":"vpc-029b27c6959690579"},"after":{"arn":"arn:aws:ec2:eu-west-3:912012997525:security-group/sg-05064ef294091dec8","description":"Managed by Terraform","egress":[{"cidr_blocks":["0.0.0.0/0"],"description":"","from_port":0,"ipv6_cidr_blocks":[],"prefix_list_ids":[],"protocol":"-1","security_groups":[],"self":false,"to_port":0}],"id":"sg-05064ef294091dec8","ingress":[{"cidr_blocks":["0.0.0.0/0"],"description":"","from_port":22,"ipv6_cidr_blocks":[],"prefix_list_ids":[],"protocol":"tcp","security_groups":[],"self":false,"to_port":22}],"name":"example-20230809121545224300000001","name_prefix":"example-","owner_id":"912012997525","revoke_rules_on_delete":false,"tags":{},"tags_all":{},"timeouts":null,"vpc_id":"vpc-029b27c6959690579"},"after_unknown":{},"before_sensitive":{"egress":[{"cidr_blocks":[false],"ipv6_cidr_blocks":[],"prefix_list_ids":[],"security_groups":[]}],"ingress":[{"cidr_blocks":[false],"ipv6_cidr_blocks":[],"prefix_list_ids":[],"security_groups":[]}],"tags":{},"tags_all":{}},"after_sensitive":{"egress":[{"cidr_blocks":[false],"ipv6_cidr_blocks":[],"prefix_list_ids":[],"security_groups":[]}],"ingress":[{"cidr_blocks":[false],"ipv6_cidr_blocks":[],"prefix_list_ids":[],"security_groups":[]}],"tags":{},"tags_all":{}}}},{"address":"local_file.private_key","mode":"managed","type":"local_file","name":"private_key","provider_name":"registry.terraform.io/hashicorp/local","change":{"actions":["create"],"before":null,"after":{"content_base64":null,"directory_permission":"0777","file_permission":"0777","filename":"yuk","sensitive_content":null,"source":null},"after_unknown":{"content":true,"content_base64sha256":true,"content_base64sha512":true,"content_md5":true,"content_sha1":true,"content_sha256":true,"content_sha512":true,"id":true},"before_sensitive":false,"after_sensitive":{"content":true,"sensitive_content":true}}},{"address":"tls_private_key.rsa_4096","mode":"managed","type":"tls_private_key","name":"rsa_4096","provider_name":"registry.terraform.io/hashicorp/tls","change":{"actions":["create"],"before":null,"after":{"algorithm":"RSA","ecdsa_curve":"P224","rsa_bits":4096},"after_unknown":{"id":true,"private_key_openssh":true,"private_key_pem":true,"private_key_pem_pkcs8":true,"public_key_fingerprint_md5":true,"public_key_fingerprint_sha256":true,"public_key_openssh":true,"public_key_pem":true},"before_sensitive":false,"after_sensitive":{"private_key_openssh":true,"private_key_pem":true,"private_key_pem_pkcs8":true}}}],"output_changes":{"instance_availability_zone":{"actions":["create"],"before":null,"after_unknown":true,"before_sensitive":false,"after_sensitive":false},"instance_id":{"actions":["create"],"before":null,"after_unknown":true,"before_sensitive":false,"after_sensitive":false},"instance_private_ip":{"actions":["create"],"before":null,"after_unknown":true,"before_sensitive":false,"after_sensitive":false},"instance_public_ip":{"actions":["create"],"before":null,"after_unknown":true,"before_sensitive":false,"after_sensitive":false},"instance_security_group_ids":{"actions":["create"],"before":null,"after_unknown":true,"before_sensitive":false,"after_sensitive":false},"module_path":{"actions":["delete"],"before":".","after":null,"after_unknown":false,"before_sensitive":false,"after_sensitive":false},"private_key_pem":{"actions":["create"],"before":null,"after_unknown":true,"before_sensitive":true,"after_sensitive":true},"public_key_openssh":{"actions":["create"],"before":null,"after_unknown":true,"before_sensitive":false,"after_sensitive":false}},"prior_state":{"format_version":"1.0","terraform_version":"1.5.4","values":{"outputs":{"module_path":{"sensitive":false,"value":".","type":"string"}},"root_module":{"resources":[{"address":"data.template_file.nginx_playbook","mode":"data","type":"template_file","name":"nginx_playbook","provider_name":"registry.terraform.io/hashicorp/template","schema_version":0,"values":{"filename":null,"id":"de6d8f0d871fc072e210bbddf275eb0610f9d1dc6e2dd98013f444946afe4878","rendered":"---\r\n- name: Install Nginx\r\n  hosts: localhost\r\n  become: yes\r\n  \r\n  tasks:\r\n    - name: Update apt cache\r\n      apt:\r\n        update_cache: yes\r\n    \r\n    - name: Install Nginx\r\n      apt:\r\n        name: nginx\r\n        state: present","template":"---\r\n- name: Install Nginx\r\n  hosts: localhost\r\n  become: yes\r\n  \r\n  tasks:\r\n    - name: Update apt cache\r\n      apt:\r\n        update_cache: yes\r\n    \r\n    - name: Install Nginx\r\n      apt:\r\n        name: nginx\r\n        state: present","vars":null},"sensitive_values":{}},{"address":"aws_instance.aws_debian_12","mode":"managed","type":"aws_instance","name":"aws_debian_12","provider_name":"registry.terraform.io/hashicorp/aws","schema_version":1,"values":{"ami":"ami-0f014d1f920a73971","arn":"arn:aws:ec2:eu-west-3:912012997525:instance/i-0eaba2c395f10fc52","associate_public_ip_address":true,"availability_zone":"eu-west-3c","capacity_reservation_specification":[{"capacity_reservation_preference":"open","capacity_reservation_target":[]}],"cpu_core_count":1,"cpu_options":[{"amd_sev_snp":"","core_count":1,"threads_per_core":1}],"cpu_threads_per_core":1,"credit_specification":[{"cpu_credits":"standard"}],"disable_api_stop":false,"disable_api_termination":false,"ebs_block_device":[],"ebs_optimized":false,"enclave_options":[{"enabled":false}],"ephemeral_block_device":[],"get_password_data":false,"hibernation":false,"host_id":"","host_resource_group_arn":null,"iam_instance_profile":"","id":"i-0eaba2c395f10fc52","instance_initiated_shutdown_behavior":"stop","instance_lifecycle":"","instance_market_options":[],"instance_state":"running","instance_type":"t2.micro","ipv6_address_count":0,"ipv6_addresses":[],"key_name":"aws-key","launch_template":[],"maintenance_options":[{"auto_recovery":"default"}],"metadata_options":[{"http_endpoint":"enabled","http_put_response_hop_limit":1,"http_tokens":"optional","instance_metadata_tags":"disabled"}],"monitoring":false,"network_interface":[],"outpost_arn":"","password_data":"","placement_group":"","placement_partition_number":0,"primary_network_interface_id":"eni-08d1412af3ab74ec1","private_dns":"ip-172-31-43-205.eu-west-3.compute.internal","private_dns_name_options":[{"enable_resource_name_dns_a_record":false,"enable_resource_name_dns_aaaa_record":false,"hostname_type":"ip-name"}],"private_ip":"172.31.43.205","public_dns":"ec2-15-188-54-31.eu-west-3.compute.amazonaws.com","public_ip":"15.188.54.31","root_block_device":[{"delete_on_termination":true,"device_name":"/dev/xvda","encrypted":false,"iops":3000,"kms_key_id":"","tags":{},"throughput":125,"volume_id":"vol-0f0404fa0f6a1d4c5","volume_size":8,"volume_type":"gp3"}],"secondary_private_ips":[],"security_groups":["default"],"source_dest_check":true,"spot_instance_request_id":"","subnet_id":"subnet-0b1e80070e0c06075","tags":{"Environment":"Test","Name":"Debi"},"tags_all":{"Environment":"Test","Name":"Debi"},"tenancy":"default","timeouts":null,"user_data":null,"user_data_base64":null,"user_data_replace_on_change":false,"volume_tags":null,"vpc_security_group_ids":["sg-0db55a7e6d22e1eca"]},"sensitive_values":{"capacity_reservation_specification":[{"capacity_reservation_target":[]}],"cpu_options":[{}],"credit_specification":[{}],"ebs_block_device":[],"enclave_options":[{}],"ephemeral_block_device":[],"instance_market_options":[],"ipv6_addresses":[],"launch_template":[],"maintenance_options":[{}],"metadata_options":[{}],"network_interface":[],"private_dns_name_options":[{}],"root_block_device":[{"tags":{}}],"secondary_private_ips":[],"security_groups":[false],"tags":{},"tags_all":{},"vpc_security_group_ids":[false]},"depends_on":["aws_key_pair.deployer","aws_key_pair.key_pair","data.template_file.nginx_playbook","tls_private_key.rsa_4096"],"tainted":true},{"address":"aws_key_pair.deployer","mode":"managed","type":"aws_key_pair","name":"deployer","provider_name":"registry.terraform.io/hashicorp/aws","schema_version":1,"values":{"arn":"arn:aws:ec2:eu-west-3:912012997525:key-pair/aws-key","fingerprint":"a4:2f:a6:7d:8a:d9:62:fe:49:58:20:65:b7:f8:57:37","id":"aws-key","key_name":"aws-key","key_name_prefix":"","key_pair_id":"key-03bf132068c857b7d","key_type":"rsa","public_key":"ssh-rsa AAAAB3NzaC1yc2EAAAADAQABAAACAQC+UW+J0DQjoCxDoWSBcGPBxAzbyEgxORwY2e7I4/rdO7VSipLC+hpzfp8VpqCYmYx1yKwd7DQaLuqrJY3bHlWZ1Wg8bXUfbY1iTHjx1HrPZJDDChugXuFce3/rmEWynTXVgEBzIaZqbbBSpukEcw04tVAMO8l7I+UTzfr1LO1ip61VlmucE8ecF67UlfyIJtLTUDZOq4r6OCz20sbf4Duv87FViyKxDnyy9o9Ge4iJp9En+7qG2hALJ1u/l1/KIparrPGGNxgzl77RvA/zgg9EjFPofue+MM+/HsSqwS5l8K0I47J5wWBwqdKNNnTVCaXAhvexXBnRNA2+AwhXCZwBySqMb3IBbB0EdEkuW2T8gHxlrASi062+KZp0NDfR331cMN7UaJyz8KrnyeYPCMb0P8GTEihswnT9POL1DBa9QKkbvK/QoRGTQZ71uzc7ph5LOb/EupkhIemTWoK2VPRbJGU97nhMRG/HHjNwsfcx0l+tVYu1/l5BuQbz20hxN7pBlY1fKayJXFGyhevKGBux3hypNxfRyjni/zGvV5/9FBq2lG+7V7nmQtKu3QGLpyYkqZF/qtZonL4ZL84lca1rImcF9mca8iwg/XSTU8JBw0O+U7WTHyTluZC6xGwlY7JtBfqP/hHmanhjy/+qpLXihd7n15HXDBfD7FgqHwsnTw== Debitest","tags":{},"tags_all":{}},"sensitive_values":{"tags":{},"tags_all":{}}},{"address":"aws_security_group.example","mode":"managed","type":"aws_security_group","name":"example","provider_name":"registry.terraform.io/hashicorp/aws","schema_version":1,"values":{"arn":"arn:aws:ec2:eu-west-3:912012997525:security-group/sg-05064ef294091dec8","description":"Managed by Terraform","egress":[{"cidr_blocks":["0.0.0.0/0"],"description":"","from_port":0,"ipv6_cidr_blocks":[],"prefix_list_ids":[],"protocol":"-1","security_groups":[],"self":false,"to_port":0}],"id":"sg-05064ef294091dec8","ingress":[{"cidr_blocks":["0.0.0.0/0"],"description":"","from_port":22,"ipv6_cidr_blocks":[],"prefix_list_ids":[],"protocol":"tcp","security_groups":[],"self":false,"to_port":22}],"name":"example-20230809121545224300000001","name_prefix":"example-","owner_id":"912012997525","revoke_rules_on_delete":false,"tags":{},"tags_all":{},"timeouts":null,"vpc_id":"vpc-029b27c6959690579"},"sensitive_values":{"egress":[{"cidr_blocks":[false],"ipv6_cidr_blocks":[],"prefix_list_ids":[],"security_groups":[]}],"ingress":[{"cidr_blocks":[false],"ipv6_cidr_blocks":[],"prefix_list_ids":[],"security_groups":[]}],"tags":{},"tags_all":{}}}]}}},"configuration":{"provider_config":{"aws":{"name":"aws","full_name":"registry.terraform.io/hashicorp/aws","expressions":{"access_key":{"references":["var.aws_access_key"]},"region":{"constant_value":"eu-west-3"},"secret_key":{"references":["var.aws_secret_key"]}}},"local":{"name":"local","full_name":"registry.terraform.io/hashicorp/local"},"template":{"name":"template","full_name":"registry.terraform.io/hashicorp/template"},"tls":{"name":"tls","full_name":"registry.terraform.io/hashicorp/tls"}},"root_module":{"outputs":{"instance_availability_zone":{"expression":{"references":["aws_instance.aws_debian_12.availability_zone","aws_instance.aws_debian_12"]},"description":"Availability Zone of the EC2 instance"},"instance_id":{"expression":{"references":["aws_instance.aws_debian_12.id","aws_instance.aws_debian_12"]},"description":"ID of the EC2 instance"},"instance_private_ip":{"expression":{"references":["aws_instance.aws_debian_12.private_ip","aws_instance.aws_debian_12"]},"description":"Private IP address of the EC2 instance"},"instance_public_ip":{"expression":{"references":["aws_instance.aws_debian_12.public_ip","aws_instance.aws_debian_12"]},"description":"Public IP address of the EC2 instance"},"instance_security_group_ids":{"expression":{"references":["aws_instance.aws_debian_12.security_groups","aws_instance.aws_debian_12"]},"description":"Security Group IDs attached to the EC2 instance"},"private_key_pem":{"sensitive":true,"expression":{"references":["tls_private_key.rsa_4096.private_key_pem","tls_private_key.rsa_4096"]}},"public_key_openssh":{"expression":{"references":["tls_private_key.rsa_4096.public_key_openssh","tls_private_key.rsa_4096"]}}},"resources":[{"address":"aws_instance.aws_debian_12","mode":"managed","type":"aws_instance","name":"aws_debian_12","provider_config_key":"aws","provisioners":[{"type":"remote-exec","expressions":{"inline":{"references":["data.template_file.nginx_playbook.rendered","data.template_file.nginx_playbook"]}}}],"expressions":{"ami":{"constant_value":"ami-0f014d1f920a73971"},"instance_type":{"constant_value":"t2.micro"},"key_name":{"references":["aws_key_pair.key_pair.key_name","aws_key_pair.key_pair"]},"tags":{"constant_value":{"Environment":"Test","Name":"Debi"}}},"schema_version":1},{"address":"aws_key_pair.key_pair","mode":"managed","type":"aws_key_pair","name":"key_pair","provider_config_key":"aws","expressions":{"key_name":{"references":["var.key_name"]},"public_key":{"references":["tls_private_key.rsa_4096.public_key_openssh","tls_private_key.rsa_4096"]}},"schema_version":1},{"address":"aws_security_group.example","mode":"managed","type":"aws_security_group","name":"example","provider_config_key":"aws","expressions":{"egress":{"constant_value":[{"cidr_blocks":["0.0.0.0/0"],"description":null,"from_port":0,"ipv6_cidr_blocks":null,"prefix_list_ids":null,"protocol":"-1","security_groups":null,"self":null,"to_port":0}]},"ingress":{"constant_value":[{"cidr_blocks":["0.0.0.0/0"],"description":null,"from_port":22,"ipv6_cidr_blocks":null,"prefix_list_ids":null,"protocol":"tcp","security_groups":null,"self":null,"to_port":22}]},"name_prefix":{"constant_value":"example-"}},"schema_version":1},{"address":"local_file.private_key","mode":"managed","type":"local_file","name":"private_key","provider_config_key":"local","expressions":{"content":{"references":["tls_private_key.rsa_4096.private_key_pem","tls_private_key.rsa_4096"]},"filename":{"references":["var.key_name"]}},"schema_version":0},{"address":"tls_private_key.rsa_4096","mode":"managed","type":"tls_private_key","name":"rsa_4096","provider_config_key":"tls","expressions":{"algorithm":{"constant_value":"RSA"},"rsa_bits":{"constant_value":4096}},"schema_version":1},{"address":"data.template_file.nginx_playbook","mode":"data","type":"template_file","name":"nginx_playbook","provider_config_key":"template","expressions":{"template":{"references":["path.module"]}},"schema_version":0}],"variables":{"aws_access_key":{"description":"AWS account access key"},"aws_secret_key":{"description":"AWS account secret key"},"key_name":{"description":"Nom de la paire de clé créee dans AWS"}}}},"relevant_attributes":[{"resource":"aws_instance.aws_debian_12","attribute":["private_ip"]},{"resource":"aws_instance.aws_debian_12","attribute":["id"]},{"resource":"aws_instance.aws_debian_12","attribute":["public_ip"]},{"resource":"aws_instance.aws_debian_12","attribute":["availability_zone"]},{"resource":"aws_instance.aws_debian_12","attribute":["security_groups"]},{"resource":"tls_private_key.rsa_4096","attribute":["private_key_pem"]},{"resource":"tls_private_key.rsa_4096","attribute":["public_key_openssh"]},{"resource":"aws_key_pair.key_pair","attribute":["key_name"]}],"timestamp":"2023-08-09T16:42:17Z"}
